<?xml version="1.0" encoding="UTF-8"?>
<CodeBlocks_project_file>
	<FileVersion major="1" minor="6"/>
	<Project>
		<Option title="kursovaya_final"/>
		<Option makefile_is_custom="1"/>
		<Option compiler="gcc"/>
		<Option virtualFolders="CMake Files\;CMake Files\..\;CMake Files\..\..\;CMake Files\..\..\..\;CMake Files\..\..\..\..\;CMake Files\..\..\..\..\SFML\;CMake Files\..\..\..\..\SFML\lib\;CMake Files\..\..\..\..\SFML\lib\cmake\;CMake Files\..\..\..\..\SFML\lib\cmake\SFML\;"/>
		<Build>
			<Target title="all">
				<Option working_dir="C:/Users/groza/CLionProjects/Chess-for-one-PC/kursovaya_final"/>
				<Option type="4"/>
				<MakeCommands>
					<Build command="C:/mingw64/bin/mingw32-make.exe -f &quot;C:/Users/groza/CLionProjects/Chess-for-one-PC/kursovaya_final/Makefile&quot;  VERBOSE=1 all"/>
					<CompileFile command="C:/mingw64/bin/mingw32-make.exe -f &quot;C:/Users/groza/CLionProjects/Chess-for-one-PC/kursovaya_final/Makefile&quot;  VERBOSE=1 &quot;$file&quot;"/>
					<Clean command="C:/mingw64/bin/mingw32-make.exe -f &quot;C:/Users/groza/CLionProjects/Chess-for-one-PC/kursovaya_final/Makefile&quot;  VERBOSE=1 clean"/>
					<DistClean command="C:/mingw64/bin/mingw32-make.exe -f &quot;C:/Users/groza/CLionProjects/Chess-for-one-PC/kursovaya_final/Makefile&quot;  VERBOSE=1 clean"/>
				</MakeCommands>
			</Target>
			<Target title="kursovaya_final">
				<Option output="C:/Users/groza/CLionProjects/Chess-for-one-PC/kursovaya_final/kursovaya_final.exe" prefix_auto="0" extension_auto="0"/>
				<Option working_dir="C:/Users/groza/CLionProjects/Chess-for-one-PC/kursovaya_final"/>
				<Option object_output="./"/>
				<Option type="1"/>
				<Option compiler="gcc"/>
				<Compiler>
					<Add option="-DSFML_STATIC"/>
					<Add directory="C:/SFML/include"/>
					<Add directory="C:/mingw64/bin/../lib/gcc/x86_64-w64-mingw32/7.3.0/include/c++"/>
					<Add directory="C:/mingw64/bin/../lib/gcc/x86_64-w64-mingw32/7.3.0/include/c++/x86_64-w64-mingw32"/>
					<Add directory="C:/mingw64/bin/../lib/gcc/x86_64-w64-mingw32/7.3.0/include/c++/backward"/>
					<Add directory="C:/mingw64/bin/../lib/gcc/x86_64-w64-mingw32/7.3.0/include"/>
					<Add directory="C:/mingw64/bin/../lib/gcc/x86_64-w64-mingw32/7.3.0/include-fixed"/>
					<Add directory="C:/mingw64/bin/../lib/gcc/x86_64-w64-mingw32/7.3.0/../../../../x86_64-w64-mingw32/include"/>
				</Compiler>
				<MakeCommands>
					<Build command="C:/mingw64/bin/mingw32-make.exe -f &quot;C:/Users/groza/CLionProjects/Chess-for-one-PC/kursovaya_final/Makefile&quot;  VERBOSE=1 kursovaya_final"/>
					<CompileFile command="C:/mingw64/bin/mingw32-make.exe -f &quot;C:/Users/groza/CLionProjects/Chess-for-one-PC/kursovaya_final/Makefile&quot;  VERBOSE=1 &quot;$file&quot;"/>
					<Clean command="C:/mingw64/bin/mingw32-make.exe -f &quot;C:/Users/groza/CLionProjects/Chess-for-one-PC/kursovaya_final/Makefile&quot;  VERBOSE=1 clean"/>
					<DistClean command="C:/mingw64/bin/mingw32-make.exe -f &quot;C:/Users/groza/CLionProjects/Chess-for-one-PC/kursovaya_final/Makefile&quot;  VERBOSE=1 clean"/>
				</MakeCommands>
			</Target>
			<Target title="kursovaya_final/fast">
				<Option output="C:/Users/groza/CLionProjects/Chess-for-one-PC/kursovaya_final/kursovaya_final.exe" prefix_auto="0" extension_auto="0"/>
				<Option working_dir="C:/Users/groza/CLionProjects/Chess-for-one-PC/kursovaya_final"/>
				<Option object_output="./"/>
				<Option type="1"/>
				<Option compiler="gcc"/>
				<Compiler>
					<Add option="-DSFML_STATIC"/>
					<Add directory="C:/SFML/include"/>
					<Add directory="C:/mingw64/bin/../lib/gcc/x86_64-w64-mingw32/7.3.0/include/c++"/>
					<Add directory="C:/mingw64/bin/../lib/gcc/x86_64-w64-mingw32/7.3.0/include/c++/x86_64-w64-mingw32"/>
					<Add directory="C:/mingw64/bin/../lib/gcc/x86_64-w64-mingw32/7.3.0/include/c++/backward"/>
					<Add directory="C:/mingw64/bin/../lib/gcc/x86_64-w64-mingw32/7.3.0/include"/>
					<Add directory="C:/mingw64/bin/../lib/gcc/x86_64-w64-mingw32/7.3.0/include-fixed"/>
					<Add directory="C:/mingw64/bin/../lib/gcc/x86_64-w64-mingw32/7.3.0/../../../../x86_64-w64-mingw32/include"/>
				</Compiler>
				<MakeCommands>
					<Build command="C:/mingw64/bin/mingw32-make.exe -f &quot;C:/Users/groza/CLionProjects/Chess-for-one-PC/kursovaya_final/Makefile&quot;  VERBOSE=1 kursovaya_final/fast"/>
					<CompileFile command="C:/mingw64/bin/mingw32-make.exe -f &quot;C:/Users/groza/CLionProjects/Chess-for-one-PC/kursovaya_final/Makefile&quot;  VERBOSE=1 &quot;$file&quot;"/>
					<Clean command="C:/mingw64/bin/mingw32-make.exe -f &quot;C:/Users/groza/CLionProjects/Chess-for-one-PC/kursovaya_final/Makefile&quot;  VERBOSE=1 clean"/>
					<DistClean command="C:/mingw64/bin/mingw32-make.exe -f &quot;C:/Users/groza/CLionProjects/Chess-for-one-PC/kursovaya_final/Makefile&quot;  VERBOSE=1 clean"/>
				</MakeCommands>
			</Target>
			<Target title="edit_cache">
				<Option working_dir="C:/Users/groza/CLionProjects/Chess-for-one-PC/kursovaya_final"/>
				<Option type="4"/>
				<MakeCommands>
					<Build command="C:/mingw64/bin/mingw32-make.exe -f &quot;C:/Users/groza/CLionProjects/Chess-for-one-PC/kursovaya_final/Makefile&quot;  VERBOSE=1 edit_cache"/>
					<CompileFile command="C:/mingw64/bin/mingw32-make.exe -f &quot;C:/Users/groza/CLionProjects/Chess-for-one-PC/kursovaya_final/Makefile&quot;  VERBOSE=1 &quot;$file&quot;"/>
					<Clean command="C:/mingw64/bin/mingw32-make.exe -f &quot;C:/Users/groza/CLionProjects/Chess-for-one-PC/kursovaya_final/Makefile&quot;  VERBOSE=1 clean"/>
					<DistClean command="C:/mingw64/bin/mingw32-make.exe -f &quot;C:/Users/groza/CLionProjects/Chess-for-one-PC/kursovaya_final/Makefile&quot;  VERBOSE=1 clean"/>
				</MakeCommands>
			</Target>
			<Target title="rebuild_cache">
				<Option working_dir="C:/Users/groza/CLionProjects/Chess-for-one-PC/kursovaya_final"/>
				<Option type="4"/>
				<MakeCommands>
					<Build command="C:/mingw64/bin/mingw32-make.exe -f &quot;C:/Users/groza/CLionProjects/Chess-for-one-PC/kursovaya_final/Makefile&quot;  VERBOSE=1 rebuild_cache"/>
					<CompileFile command="C:/mingw64/bin/mingw32-make.exe -f &quot;C:/Users/groza/CLionProjects/Chess-for-one-PC/kursovaya_final/Makefile&quot;  VERBOSE=1 &quot;$file&quot;"/>
					<Clean command="C:/mingw64/bin/mingw32-make.exe -f &quot;C:/Users/groza/CLionProjects/Chess-for-one-PC/kursovaya_final/Makefile&quot;  VERBOSE=1 clean"/>
					<DistClean command="C:/mingw64/bin/mingw32-make.exe -f &quot;C:/Users/groza/CLionProjects/Chess-for-one-PC/kursovaya_final/Makefile&quot;  VERBOSE=1 clean"/>
				</MakeCommands>
			</Target>
		</Build>
		<Unit filename="C:/Users/groza/CLionProjects/Chess-for-one-PC/kursovaya_final/Headers/Model/Data.h">
			<Option target="kursovaya_final"/>
		</Unit>
		<Unit filename="C:/Users/groza/CLionProjects/Chess-for-one-PC/kursovaya_final/Headers/Model/Moves.h">
			<Option target="kursovaya_final"/>
		</Unit>
		<Unit filename="C:/Users/groza/CLionProjects/Chess-for-one-PC/kursovaya_final/Headers/Model/TextureCoordinatesContainer.h">
			<Option target="kursovaya_final"/>
		</Unit>
		<Unit filename="C:/Users/groza/CLionProjects/Chess-for-one-PC/kursovaya_final/Headers/View/Graphic.h">
			<Option target="kursovaya_final"/>
		</Unit>
		<Unit filename="C:/Users/groza/CLionProjects/Chess-for-one-PC/kursovaya_final/Headers/ViewModel/OnClickHandling.h">
			<Option target="kursovaya_final"/>
		</Unit>
		<Unit filename="C:/Users/groza/CLionProjects/Chess-for-one-PC/kursovaya_final/resource/Values.h">
			<Option target="kursovaya_final"/>
		</Unit>
		<Unit filename="C:/Users/groza/CLionProjects/Chess-for-one-PC/kursovaya_final/src/Application.cpp">
			<Option target="kursovaya_final"/>
		</Unit>
		<Unit filename="C:/Users/groza/CLionProjects/Chess-for-one-PC/kursovaya_final/src/Model/Data.cpp">
			<Option target="kursovaya_final"/>
		</Unit>
		<Unit filename="C:/Users/groza/CLionProjects/Chess-for-one-PC/kursovaya_final/src/Model/Moves.cpp">
			<Option target="kursovaya_final"/>
		</Unit>
		<Unit filename="C:/Users/groza/CLionProjects/Chess-for-one-PC/kursovaya_final/src/ViewModel/OnClickHandling.cpp">
			<Option target="kursovaya_final"/>
		</Unit>
		<Unit filename="C:/Users/groza/CLionProjects/Chess-for-one-PC/CMakeLists.txt">
			<Option virtualFolder="CMake Files\"/>
		</Unit>
		<Unit filename="C:/Users/groza/CLionProjects/Chess-for-one-PC/../../../../SFML/lib/cmake/SFML/SFMLConfig.cmake">
			<Option virtualFolder="CMake Files\..\..\..\..\SFML\lib\cmake\SFML\"/>
		</Unit>
		<Unit filename="C:/Users/groza/CLionProjects/Chess-for-one-PC/../../../../SFML/lib/cmake/SFML/SFMLConfigDependencies.cmake">
			<Option virtualFolder="CMake Files\..\..\..\..\SFML\lib\cmake\SFML\"/>
		</Unit>
		<Unit filename="C:/Users/groza/CLionProjects/Chess-for-one-PC/../../../../SFML/lib/cmake/SFML/SFMLConfigVersion.cmake">
			<Option virtualFolder="CMake Files\..\..\..\..\SFML\lib\cmake\SFML\"/>
		</Unit>
		<Unit filename="C:/Users/groza/CLionProjects/Chess-for-one-PC/../../../../SFML/lib/cmake/SFML/SFMLStaticTargets-debug.cmake">
			<Option virtualFolder="CMake Files\..\..\..\..\SFML\lib\cmake\SFML\"/>
		</Unit>
		<Unit filename="C:/Users/groza/CLionProjects/Chess-for-one-PC/../../../../SFML/lib/cmake/SFML/SFMLStaticTargets-release.cmake">
			<Option virtualFolder="CMake Files\..\..\..\..\SFML\lib\cmake\SFML\"/>
		</Unit>
		<Unit filename="C:/Users/groza/CLionProjects/Chess-for-one-PC/../../../../SFML/lib/cmake/SFML/SFMLStaticTargets.cmake">
			<Option virtualFolder="CMake Files\..\..\..\..\SFML\lib\cmake\SFML\"/>
		</Unit>
	</Project>
</CodeBlocks_project_file>
